
Microsoft Visual Studio Solution File, Format Version 12.00
# Visual Studio Version 16
VisualStudioVersion = 16.0.31702.278
MinimumVisualStudioVersion = 10.0.40219.1
Project("{FAE04EC0-301F-11D3-BF4B-00C04F79EFBC}") = "Övning15Passbokning.web", "Övning15Passbokning.web\Övning15Passbokning.web.csproj", "{AB9C8896-371B-473F-8C1A-8B3D10E7352F}"
EndProject
Project("{FAE04EC0-301F-11D3-BF4B-00C04F79EFBC}") = "Övning15.Passbokning.Core", "Övning15.Passbokning.Core\Övning15.Passbokning.Core.csproj", "{5C07B1B4-EB9B-4F68-B6F0-3B63CA8CFD5E}"
EndProject
Project("{FAE04EC0-301F-11D3-BF4B-00C04F79EFBC}") = "Övning15.Passbokning.Data", "Övning15.Passbokning.Data\Övning15.Passbokning.Data.csproj", "{C86F8E4D-47D9-4611-AF30-EAC843092C2B}"
EndProject
Global
	GlobalSection(SolutionConfigurationPlatforms) = preSolution
		Debug|Any CPU = Debug|Any CPU
		Release|Any CPU = Release|Any CPU
	EndGlobalSection
	GlobalSection(ProjectConfigurationPlatforms) = postSolution
		{AB9C8896-371B-473F-8C1A-8B3D10E7352F}.Debug|Any CPU.ActiveCfg = Debug|Any CPU
		{AB9C8896-371B-473F-8C1A-8B3D10E7352F}.Debug|Any CPU.Build.0 = Debug|Any CPU
		{AB9C8896-371B-473F-8C1A-8B3D10E7352F}.Release|Any CPU.ActiveCfg = Release|Any CPU
		{AB9C8896-371B-473F-8C1A-8B3D10E7352F}.Release|Any CPU.Build.0 = Release|Any CPU
		{5C07B1B4-EB9B-4F68-B6F0-3B63CA8CFD5E}.Debug|Any CPU.ActiveCfg = Debug|Any CPU
		{5C07B1B4-EB9B-4F68-B6F0-3B63CA8CFD5E}.Debug|Any CPU.Build.0 = Debug|Any CPU
		{5C07B1B4-EB9B-4F68-B6F0-3B63CA8CFD5E}.Release|Any CPU.ActiveCfg = Release|Any CPU
		{5C07B1B4-EB9B-4F68-B6F0-3B63CA8CFD5E}.Release|Any CPU.Build.0 = Release|Any CPU
		{C86F8E4D-47D9-4611-AF30-EAC843092C2B}.Debug|Any CPU.ActiveCfg = Debug|Any CPU
		{C86F8E4D-47D9-4611-AF30-EAC843092C2B}.Debug|Any CPU.Build.0 = Debug|Any CPU
		{C86F8E4D-47D9-4611-AF30-EAC843092C2B}.Release|Any CPU.ActiveCfg = Release|Any CPU
		{C86F8E4D-47D9-4611-AF30-EAC843092C2B}.Release|Any CPU.Build.0 = Release|Any CPU
	EndGlobalSection
	GlobalSection(SolutionProperties) = preSolution
		HideSolutionNode = FALSE
	EndGlobalSection
	GlobalSection(ExtensibilityGlobals) = postSolution
		SolutionGuid = {09945E9C-C854-4E1F-AC44-9712D1C21ECB}
	EndGlobalSection
EndGlobal
